
Microsoft Visual Studio Solution File, Format Version 12.00
# Visual Studio Version 17
VisualStudioVersion = 17.5.33424.131
MinimumVisualStudioVersion = 10.0.40219.1
Project("{FAE04EC0-301F-11D3-BF4B-00C04F79EFBC}") = "testconnectdotnet", "testconnectdotnet\testconnectdotnet.csproj", "{660F14D1-BAAF-4FE2-916D-AA5AAD6ECB10}"
EndProject
Global
	GlobalSection(SolutionConfigurationPlatforms) = preSolution
		Debug|Any CPU = Debug|Any CPU
		Release|Any CPU = Release|Any CPU
	EndGlobalSection
	GlobalSection(ProjectConfigurationPlatforms) = postSolution
		{660F14D1-BAAF-4FE2-916D-AA5AAD6ECB10}.Debug|Any CPU.ActiveCfg = Debug|Any CPU
		{660F14D1-BAAF-4FE2-916D-AA5AAD6ECB10}.Debug|Any CPU.Build.0 = Debug|Any CPU
		{660F14D1-BAAF-4FE2-916D-AA5AAD6ECB10}.Release|Any CPU.ActiveCfg = Release|Any CPU
		{660F14D1-BAAF-4FE2-916D-AA5AAD6ECB10}.Release|Any CPU.Build.0 = Release|Any CPU
	EndGlobalSection
	GlobalSection(SolutionProperties) = preSolution
		HideSolutionNode = FALSE
	EndGlobalSection
	GlobalSection(ExtensibilityGlobals) = postSolution
		SolutionGuid = {DE2FF22D-4AE0-488A-93E5-43E80DFF085E}
	EndGlobalSection
EndGlobal
